
Microsoft Visual Studio Solution File, Format Version 12.00
# Visual Studio 15
VisualStudioVersion = 15.0.27428.2037
MinimumVisualStudioVersion = 10.0.40219.1
Project("{FAE04EC0-301F-11D3-BF4B-00C04F79EFBC}") = "ActionPermission", "ActionPermission\ActionPermission.csproj", "{D975DE2B-199D-4448-AA21-35916ADFA355}"
EndProject
Project("{FAE04EC0-301F-11D3-BF4B-00C04F79EFBC}") = "Common", "Common\Common.csproj", "{CE2C6C0F-E4C9-492C-B408-774396B23286}"
EndProject
Project("{FAE04EC0-301F-11D3-BF4B-00C04F79EFBC}") = "ActionPermission.Test", "ActionPermission.Test\ActionPermission.Test.csproj", "{F29A3B4D-D503-4970-A864-E5EDB49A5961}"
EndProject
Project("{FAE04EC0-301F-11D3-BF4B-00C04F79EFBC}") = "ActionPermission.Repository", "ActionPermission.Repository\ActionPermission.Repository.csproj", "{D22533B9-68F7-4620-A71B-E97BE4F5145A}"
EndProject
Project("{FAE04EC0-301F-11D3-BF4B-00C04F79EFBC}") = "ActionPermission.IRepository", "ActionPermission.IRepository\ActionPermission.IRepository.csproj", "{EB821A79-E847-4885-B9B8-12E01B0602EB}"
EndProject
Project("{FAE04EC0-301F-11D3-BF4B-00C04F79EFBC}") = "ActionPermission.Domain", "ActionPermission.Domain\ActionPermission.Domain.csproj", "{FA54D582-2162-469A-AFBD-97FCE9E2840B}"
EndProject
Project("{FAE04EC0-301F-11D3-BF4B-00C04F79EFBC}") = "ActionPermission.Services", "ActionPermission.Services\ActionPermission.Services.csproj", "{B87E9B73-99AD-4239-980B-25FFFEFDD930}"
EndProject
Project("{FAE04EC0-301F-11D3-BF4B-00C04F79EFBC}") = "ActionPermission.Service.Interface", "ActionPermission.Service.Interface\ActionPermission.Service.Interface.csproj", "{784B8028-F4DD-46E2-8377-77E3F3CC69A2}"
EndProject
Project("{FAE04EC0-301F-11D3-BF4B-00C04F79EFBC}") = "ActionPermission.Context", "ActionPermission.DbContext\ActionPermission.Context.csproj", "{6BE127A6-FAFA-4B2F-A203-6470371DEFF0}"
EndProject
Project("{FAE04EC0-301F-11D3-BF4B-00C04F79EFBC}") = "ActionPermission.EntityMap", "ActionPermission.EntityMap\ActionPermission.EntityMap.csproj", "{554F2372-69D2-4EC4-A4A7-F8E84A499FFC}"
EndProject
Project("{2150E333-8FDC-42A3-9474-1A3956D46DE8}") = "Sample", "Sample", "{789F84A1-8390-4CCD-88AA-2E34369FC90B}"
EndProject
Project("{FAE04EC0-301F-11D3-BF4B-00C04F79EFBC}") = "ActionPermissionWeb", "ActionPermissionWeb\ActionPermissionWeb.csproj", "{41C4598C-CC0E-4C7E-8D39-BB563EC37EBC}"
EndProject
Project("{FAE04EC0-301F-11D3-BF4B-00C04F79EFBC}") = "ActionPermissionContext.Test", "ActionPermissionContext.Test\ActionPermissionContext.Test.csproj", "{4A124FFA-4352-4CB9-AD6A-878702B120A4}"
EndProject
Project("{2150E333-8FDC-42A3-9474-1A3956D46DE8}") = "Test", "Test", "{8F5CD91A-A3F9-442B-A999-ED7746666305}"
EndProject
Project("{2150E333-8FDC-42A3-9474-1A3956D46DE8}") = "Src", "Src", "{0615DDB6-D95A-49C7-8859-D63677AEF627}"
EndProject
Project("{FAE04EC0-301F-11D3-BF4B-00C04F79EFBC}") = "Service.Test", "Service.Test\Service.Test.csproj", "{4FDAC490-1A07-43E8-84CA-D1BE6D6D8D34}"
EndProject
Project("{FAE04EC0-301F-11D3-BF4B-00C04F79EFBC}") = "ActionPermission.Helper", "ActionPermission.Helper\ActionPermission.Helper.csproj", "{E03B09BE-CFF0-4FD6-B6E4-EED235719B44}"
EndProject
Global
	GlobalSection(SolutionConfigurationPlatforms) = preSolution
		Debug|Any CPU = Debug|Any CPU
		Release|Any CPU = Release|Any CPU
	EndGlobalSection
	GlobalSection(ProjectConfigurationPlatforms) = postSolution
		{D975DE2B-199D-4448-AA21-35916ADFA355}.Debug|Any CPU.ActiveCfg = Debug|Any CPU
		{D975DE2B-199D-4448-AA21-35916ADFA355}.Debug|Any CPU.Build.0 = Debug|Any CPU
		{D975DE2B-199D-4448-AA21-35916ADFA355}.Release|Any CPU.ActiveCfg = Release|Any CPU
		{D975DE2B-199D-4448-AA21-35916ADFA355}.Release|Any CPU.Build.0 = Release|Any CPU
		{CE2C6C0F-E4C9-492C-B408-774396B23286}.Debug|Any CPU.ActiveCfg = Debug|Any CPU
		{CE2C6C0F-E4C9-492C-B408-774396B23286}.Debug|Any CPU.Build.0 = Debug|Any CPU
		{CE2C6C0F-E4C9-492C-B408-774396B23286}.Release|Any CPU.ActiveCfg = Release|Any CPU
		{CE2C6C0F-E4C9-492C-B408-774396B23286}.Release|Any CPU.Build.0 = Release|Any CPU
		{F29A3B4D-D503-4970-A864-E5EDB49A5961}.Debug|Any CPU.ActiveCfg = Debug|Any CPU
		{F29A3B4D-D503-4970-A864-E5EDB49A5961}.Debug|Any CPU.Build.0 = Debug|Any CPU
		{F29A3B4D-D503-4970-A864-E5EDB49A5961}.Release|Any CPU.ActiveCfg = Release|Any CPU
		{F29A3B4D-D503-4970-A864-E5EDB49A5961}.Release|Any CPU.Build.0 = Release|Any CPU
		{D22533B9-68F7-4620-A71B-E97BE4F5145A}.Debug|Any CPU.ActiveCfg = Debug|Any CPU
		{D22533B9-68F7-4620-A71B-E97BE4F5145A}.Debug|Any CPU.Build.0 = Debug|Any CPU
		{D22533B9-68F7-4620-A71B-E97BE4F5145A}.Release|Any CPU.ActiveCfg = Release|Any CPU
		{D22533B9-68F7-4620-A71B-E97BE4F5145A}.Release|Any CPU.Build.0 = Release|Any CPU
		{EB821A79-E847-4885-B9B8-12E01B0602EB}.Debug|Any CPU.ActiveCfg = Debug|Any CPU
		{EB821A79-E847-4885-B9B8-12E01B0602EB}.Debug|Any CPU.Build.0 = Debug|Any CPU
		{EB821A79-E847-4885-B9B8-12E01B0602EB}.Release|Any CPU.ActiveCfg = Release|Any CPU
		{EB821A79-E847-4885-B9B8-12E01B0602EB}.Release|Any CPU.Build.0 = Release|Any CPU
		{FA54D582-2162-469A-AFBD-97FCE9E2840B}.Debug|Any CPU.ActiveCfg = Debug|Any CPU
		{FA54D582-2162-469A-AFBD-97FCE9E2840B}.Debug|Any CPU.Build.0 = Debug|Any CPU
		{FA54D582-2162-469A-AFBD-97FCE9E2840B}.Release|Any CPU.ActiveCfg = Release|Any CPU
		{FA54D582-2162-469A-AFBD-97FCE9E2840B}.Release|Any CPU.Build.0 = Release|Any CPU
		{B87E9B73-99AD-4239-980B-25FFFEFDD930}.Debug|Any CPU.ActiveCfg = Debug|Any CPU
		{B87E9B73-99AD-4239-980B-25FFFEFDD930}.Debug|Any CPU.Build.0 = Debug|Any CPU
		{B87E9B73-99AD-4239-980B-25FFFEFDD930}.Release|Any CPU.ActiveCfg = Release|Any CPU
		{B87E9B73-99AD-4239-980B-25FFFEFDD930}.Release|Any CPU.Build.0 = Release|Any CPU
		{784B8028-F4DD-46E2-8377-77E3F3CC69A2}.Debug|Any CPU.ActiveCfg = Debug|Any CPU
		{784B8028-F4DD-46E2-8377-77E3F3CC69A2}.Debug|Any CPU.Build.0 = Debug|Any CPU
		{784B8028-F4DD-46E2-8377-77E3F3CC69A2}.Release|Any CPU.ActiveCfg = Release|Any CPU
		{784B8028-F4DD-46E2-8377-77E3F3CC69A2}.Release|Any CPU.Build.0 = Release|Any CPU
		{6BE127A6-FAFA-4B2F-A203-6470371DEFF0}.Debug|Any CPU.ActiveCfg = Debug|Any CPU
		{6BE127A6-FAFA-4B2F-A203-6470371DEFF0}.Debug|Any CPU.Build.0 = Debug|Any CPU
		{6BE127A6-FAFA-4B2F-A203-6470371DEFF0}.Release|Any CPU.ActiveCfg = Release|Any CPU
		{6BE127A6-FAFA-4B2F-A203-6470371DEFF0}.Release|Any CPU.Build.0 = Release|Any CPU
		{554F2372-69D2-4EC4-A4A7-F8E84A499FFC}.Debug|Any CPU.ActiveCfg = Debug|Any CPU
		{554F2372-69D2-4EC4-A4A7-F8E84A499FFC}.Debug|Any CPU.Build.0 = Debug|Any CPU
		{554F2372-69D2-4EC4-A4A7-F8E84A499FFC}.Release|Any CPU.ActiveCfg = Release|Any CPU
		{554F2372-69D2-4EC4-A4A7-F8E84A499FFC}.Release|Any CPU.Build.0 = Release|Any CPU
		{41C4598C-CC0E-4C7E-8D39-BB563EC37EBC}.Debug|Any CPU.ActiveCfg = Debug|Any CPU
		{41C4598C-CC0E-4C7E-8D39-BB563EC37EBC}.Debug|Any CPU.Build.0 = Debug|Any CPU
		{41C4598C-CC0E-4C7E-8D39-BB563EC37EBC}.Release|Any CPU.ActiveCfg = Release|Any CPU
		{41C4598C-CC0E-4C7E-8D39-BB563EC37EBC}.Release|Any CPU.Build.0 = Release|Any CPU
		{4A124FFA-4352-4CB9-AD6A-878702B120A4}.Debug|Any CPU.ActiveCfg = Debug|Any CPU
		{4A124FFA-4352-4CB9-AD6A-878702B120A4}.Debug|Any CPU.Build.0 = Debug|Any CPU
		{4A124FFA-4352-4CB9-AD6A-878702B120A4}.Release|Any CPU.ActiveCfg = Release|Any CPU
		{4A124FFA-4352-4CB9-AD6A-878702B120A4}.Release|Any CPU.Build.0 = Release|Any CPU
		{4FDAC490-1A07-43E8-84CA-D1BE6D6D8D34}.Debug|Any CPU.ActiveCfg = Debug|Any CPU
		{4FDAC490-1A07-43E8-84CA-D1BE6D6D8D34}.Debug|Any CPU.Build.0 = Debug|Any CPU
		{4FDAC490-1A07-43E8-84CA-D1BE6D6D8D34}.Release|Any CPU.ActiveCfg = Release|Any CPU
		{4FDAC490-1A07-43E8-84CA-D1BE6D6D8D34}.Release|Any CPU.Build.0 = Release|Any CPU
		{E03B09BE-CFF0-4FD6-B6E4-EED235719B44}.Debug|Any CPU.ActiveCfg = Debug|Any CPU
		{E03B09BE-CFF0-4FD6-B6E4-EED235719B44}.Debug|Any CPU.Build.0 = Debug|Any CPU
		{E03B09BE-CFF0-4FD6-B6E4-EED235719B44}.Release|Any CPU.ActiveCfg = Release|Any CPU
		{E03B09BE-CFF0-4FD6-B6E4-EED235719B44}.Release|Any CPU.Build.0 = Release|Any CPU
	EndGlobalSection
	GlobalSection(SolutionProperties) = preSolution
		HideSolutionNode = FALSE
	EndGlobalSection
	GlobalSection(NestedProjects) = preSolution
		{D975DE2B-199D-4448-AA21-35916ADFA355} = {0615DDB6-D95A-49C7-8859-D63677AEF627}
		{CE2C6C0F-E4C9-492C-B408-774396B23286} = {0615DDB6-D95A-49C7-8859-D63677AEF627}
		{F29A3B4D-D503-4970-A864-E5EDB49A5961} = {8F5CD91A-A3F9-442B-A999-ED7746666305}
		{D22533B9-68F7-4620-A71B-E97BE4F5145A} = {0615DDB6-D95A-49C7-8859-D63677AEF627}
		{EB821A79-E847-4885-B9B8-12E01B0602EB} = {0615DDB6-D95A-49C7-8859-D63677AEF627}
		{FA54D582-2162-469A-AFBD-97FCE9E2840B} = {0615DDB6-D95A-49C7-8859-D63677AEF627}
		{B87E9B73-99AD-4239-980B-25FFFEFDD930} = {0615DDB6-D95A-49C7-8859-D63677AEF627}
		{784B8028-F4DD-46E2-8377-77E3F3CC69A2} = {0615DDB6-D95A-49C7-8859-D63677AEF627}
		{6BE127A6-FAFA-4B2F-A203-6470371DEFF0} = {0615DDB6-D95A-49C7-8859-D63677AEF627}
		{554F2372-69D2-4EC4-A4A7-F8E84A499FFC} = {0615DDB6-D95A-49C7-8859-D63677AEF627}
		{41C4598C-CC0E-4C7E-8D39-BB563EC37EBC} = {789F84A1-8390-4CCD-88AA-2E34369FC90B}
		{4A124FFA-4352-4CB9-AD6A-878702B120A4} = {8F5CD91A-A3F9-442B-A999-ED7746666305}
		{4FDAC490-1A07-43E8-84CA-D1BE6D6D8D34} = {8F5CD91A-A3F9-442B-A999-ED7746666305}
		{E03B09BE-CFF0-4FD6-B6E4-EED235719B44} = {0615DDB6-D95A-49C7-8859-D63677AEF627}
	EndGlobalSection
	GlobalSection(ExtensibilityGlobals) = postSolution
		SolutionGuid = {976766F6-A828-48C9-838C-77D7B4746FE6}
	EndGlobalSection
EndGlobal
